
Microsoft Visual Studio Solution File, Format Version 12.00
# Visual Studio Version 17
VisualStudioVersion = 17.6.33829.357
MinimumVisualStudioVersion = 10.0.40219.1
Project("{9A19103F-16F7-4668-BE54-9A1E7A4F7556}") = "NineDigit.SerialTransport", "NineDigit.SerialTransport\NineDigit.SerialTransport.csproj", "{250F7B80-7E5C-4C64-B63B-7E8982CDF9A3}"
EndProject
Project("{2150E333-8FDC-42A3-9474-1A3956D46DE8}") = "Solution Items", "Solution Items", "{525EF74B-6AE7-41B7-AF41-4EFD5BA5E1B9}"
	ProjectSection(SolutionItems) = preProject
		CreateNuGetPackage.props = CreateNuGetPackage.props
		README.md = README.md
		Versions.props = Versions.props
	EndProjectSection
EndProject
Project("{9A19103F-16F7-4668-BE54-9A1E7A4F7556}") = "NineDigit.SerialTransport.CLI", "NineDigit.SerialTransport.CLI\NineDigit.SerialTransport.CLI.csproj", "{C3E9722B-3712-437A-89FE-9344FF413D89}"
EndProject
Project("{2150E333-8FDC-42A3-9474-1A3956D46DE8}") = "Lib", "Lib", "{BDBF41F6-5D9D-40E0-949C-F5542B5E2532}"
EndProject
Global
	GlobalSection(SolutionConfigurationPlatforms) = preSolution
		Debug|Any CPU = Debug|Any CPU
		Release|Any CPU = Release|Any CPU
	EndGlobalSection
	GlobalSection(ProjectConfigurationPlatforms) = postSolution
		{250F7B80-7E5C-4C64-B63B-7E8982CDF9A3}.Debug|Any CPU.ActiveCfg = Debug|Any CPU
		{250F7B80-7E5C-4C64-B63B-7E8982CDF9A3}.Debug|Any CPU.Build.0 = Debug|Any CPU
		{250F7B80-7E5C-4C64-B63B-7E8982CDF9A3}.Release|Any CPU.ActiveCfg = Release|Any CPU
		{250F7B80-7E5C-4C64-B63B-7E8982CDF9A3}.Release|Any CPU.Build.0 = Release|Any CPU
		{C3E9722B-3712-437A-89FE-9344FF413D89}.Debug|Any CPU.ActiveCfg = Debug|Any CPU
		{C3E9722B-3712-437A-89FE-9344FF413D89}.Debug|Any CPU.Build.0 = Debug|Any CPU
		{C3E9722B-3712-437A-89FE-9344FF413D89}.Release|Any CPU.ActiveCfg = Release|Any CPU
		{C3E9722B-3712-437A-89FE-9344FF413D89}.Release|Any CPU.Build.0 = Release|Any CPU
	EndGlobalSection
	GlobalSection(SolutionProperties) = preSolution
		HideSolutionNode = FALSE
	EndGlobalSection
	GlobalSection(ExtensibilityGlobals) = postSolution
		SolutionGuid = {4CB0395D-9C10-4773-A1CB-4D5273A3ED58}
	EndGlobalSection
EndGlobal
